# THIS IS AN AUTOGENERATED FILE. DO NOT EDIT THIS FILE DIRECTLY.
# yarn lockfile v1


"@babel/parser@^7.15.0":
  version "7.15.7"
  resolved "https://registry.yarnpkg.com/@babel/parser/-/parser-7.15.7.tgz#0c3ed4a2eb07b165dfa85b3cc45c727334c4edae"
  integrity sha512-rycZXvQ+xS9QyIcJ9HXeDWf1uxqlbVFAUq0Rq0dbc50Zb/+wUe/ehyfzGfm9KZZF0kBejYgxltBXocP+gKdL2g==

"@babel/runtime@^7.12.0":
  version "7.15.4"
  resolved "https://registry.yarnpkg.com/@babel/runtime/-/runtime-7.15.4.tgz#fd17d16bfdf878e6dd02d19753a39fa8a8d9c84a"
  integrity sha512-99catp6bHCaxr4sJ/DbTGgHS4+Rs2RVd2g7iOap6SLGPDknRK9ztKNsE/Fg6QhSeh1FGE5f6gHGQmvvn3I3xhw==
  dependencies:
    regenerator-runtime "^0.13.4"

"@types/eslint-scope@^3.7.0":
  version "3.7.1"
  resolved "https://registry.yarnpkg.com/@types/eslint-scope/-/eslint-scope-3.7.1.tgz#8dc390a7b4f9dd9f1284629efce982e41612116e"
  integrity sha512-SCFeogqiptms4Fg29WpOTk5nHIzfpKCemSN63ksBQYKTcXoJEmJagV+DhVmbapZzY4/5YaOV1nZwrsU79fFm1g==
  dependencies:
    "@types/eslint" "*"
    "@types/estree" "*"

"@types/eslint@*":
  version "7.28.0"
  resolved "https://registry.yarnpkg.com/@types/eslint/-/eslint-7.28.0.tgz#7e41f2481d301c68e14f483fe10b017753ce8d5a"
  integrity sha512-07XlgzX0YJUn4iG1ocY4IX9DzKSmMGUs6ESKlxWhZRaa0fatIWaHWUVapcuGa8r5HFnTqzj+4OCjd5f7EZ/i/A==
  dependencies:
    "@types/estree" "*"
    "@types/json-schema" "*"

"@types/estree@*", "@types/estree@^0.0.50":
  version "0.0.50"
  resolved "https://registry.yarnpkg.com/@types/estree/-/estree-0.0.50.tgz#1e0caa9364d3fccd2931c3ed96fdbeaa5d4cca83"
  integrity sha512-C6N5s2ZFtuZRj54k2/zyRhNDjJwwcViAM3Nbm8zjBpbqAdZ00mr0CFxvSKeO8Y/e03WVFLpQMdHYVfUd6SB+Hw==

"@types/json-schema@*", "@types/json-schema@^7.0.8":
  version "7.0.9"
  resolved "https://registry.yarnpkg.com/@types/json-schema/-/json-schema-7.0.9.tgz#97edc9037ea0c38585320b28964dde3b39e4660d"
  integrity sha512-qcUXuemtEu+E5wZSJHNxUXeCZhAfXKQ41D+duX+VYPde7xyEVZci+/oXKJL13tnRs9lR2pr4fod59GT6/X1/yQ==

"@types/node@*", "@types/node@^16.6.1":
  version "16.10.2"
  resolved "https://registry.yarnpkg.com/@types/node/-/node-16.10.2.tgz#5764ca9aa94470adb4e1185fe2e9f19458992b2e"
  integrity sha512-zCclL4/rx+W5SQTzFs9wyvvyCwoK9QtBpratqz2IYJ3O8Umrn0m3nsTv0wQBk9sRGpvUe9CwPDrQFB10f1FIjQ==

"@vue/compiler-core@3.2.19":
  version "3.2.19"
  resolved "https://registry.yarnpkg.com/@vue/compiler-core/-/compiler-core-3.2.19.tgz#b537dd377ce51fdb64e9b30ebfbff7cd70a64cb9"
  integrity sha512-8dOPX0YOtaXol0Zf2cfLQ4NU/yHYl2H7DCKsLEZ7gdvPK6ZSEwGLJ7IdghhY2YEshEpC5RB9QKdC5I07z8Dtjg==
  dependencies:
    "@babel/parser" "^7.15.0"
    "@vue/shared" "3.2.19"
    estree-walker "^2.0.2"
    source-map "^0.6.1"

"@vue/compiler-dom@3.2.19":
  version "3.2.19"
  resolved "https://registry.yarnpkg.com/@vue/compiler-dom/-/compiler-dom-3.2.19.tgz#0607bc90de6af55fde73b09b3c4d0bf8cb597ed8"
  integrity sha512-WzQoE8rfkFjPtIioc7SSgTsnz9g2oG61DU8KHnzPrRS7fW/lji6H2uCYJfp4Z6kZE8GjnHc1Ljwl3/gxDes0cw==
  dependencies:
    "@vue/compiler-core" "3.2.19"
    "@vue/shared" "3.2.19"

"@vue/compiler-sfc@3.2.19":
  version "3.2.19"
  resolved "https://registry.yarnpkg.com/@vue/compiler-sfc/-/compiler-sfc-3.2.19.tgz#d412195a98ebd49b84602f171719294a1d9549be"
  integrity sha512-pLlbgkO1UHTO02MSpa/sFOXUwIDxSMiKZ1ozE5n71CY4DM+YmI+G3gT/ZHZ46WBId7f3VTF/D8pGwMygcQbrQA==
  dependencies:
    "@babel/parser" "^7.15.0"
    "@vue/compiler-core" "3.2.19"
    "@vue/compiler-dom" "3.2.19"
    "@vue/compiler-ssr" "3.2.19"
    "@vue/ref-transform" "3.2.19"
    "@vue/shared" "3.2.19"
    estree-walker "^2.0.2"
    magic-string "^0.25.7"
    postcss "^8.1.10"
    source-map "^0.6.1"

"@vue/compiler-ssr@3.2.19":
  version "3.2.19"
  resolved "https://registry.yarnpkg.com/@vue/compiler-ssr/-/compiler-ssr-3.2.19.tgz#3e91ecf70f8f961c5f63eacd2139bcdab9a7a07c"
  integrity sha512-oLon0Cn3O7WEYzzmzZavGoqXH+199LT+smdjBT3Uf3UX4HwDNuBFCmvL0TsqV9SQnIgKvBRbQ7lhbpnd4lqM3w==
  dependencies:
    "@vue/compiler-dom" "3.2.19"
    "@vue/shared" "3.2.19"

"@vue/reactivity@3.2.19":
  version "3.2.19"
  resolved "https://registry.yarnpkg.com/@vue/reactivity/-/reactivity-3.2.19.tgz#fc6e0f0106f295226835cfed5ff5f84d927bea65"
  integrity sha512-FtachoYs2SnyrWup5UikP54xDX6ZJ1s5VgHcJp4rkGoutU3Ry61jhs+nCX7J64zjX992Mh9gGUC0LqTs8q9vCA==
  dependencies:
    "@vue/shared" "3.2.19"

"@vue/ref-transform@3.2.19":
  version "3.2.19"
  resolved "https://registry.yarnpkg.com/@vue/ref-transform/-/ref-transform-3.2.19.tgz#cf0f986486bb26838fbd09749e927bab19745600"
  integrity sha512-03wwUnoIAeKti5IGGx6Vk/HEBJ+zUcm5wrUM3+PQsGf7IYnXTbeIfHHpx4HeSeWhnLAjqZjADQwW8uA4rBmVbg==
  dependencies:
    "@babel/parser" "^7.15.0"
    "@vue/compiler-core" "3.2.19"
    "@vue/shared" "3.2.19"
    estree-walker "^2.0.2"
    magic-string "^0.25.7"

"@vue/runtime-core@3.2.19":
  version "3.2.19"
  resolved "https://registry.yarnpkg.com/@vue/runtime-core/-/runtime-core-3.2.19.tgz#807715b7f4728abb84fa4a8efdbe37d8ddb4c6d3"
  integrity sha512-qArZSWKxWsgKfxk9BelZ32nY0MZ31CAW2kUUyVJyxh4cTfHaXGbjiQB5JgsvKc49ROMNffv9t3/qjasQqAH+RQ==
  dependencies:
    "@vue/reactivity" "3.2.19"
    "@vue/shared" "3.2.19"

"@vue/runtime-dom@3.2.19":
  version "3.2.19"
  resolved "https://registry.yarnpkg.com/@vue/runtime-dom/-/runtime-dom-3.2.19.tgz#7e8bf645754703e360fa132e4be9113edf2377bb"
  integrity sha512-hIRboxXwafeHhbZEkZYNV0MiJXPNf4fP0X6hM2TJb0vssz8BKhD9cF92BkRgZztTQevecbhk0gu4uAPJ3dxL9A==
  dependencies:
    "@vue/runtime-core" "3.2.19"
    "@vue/shared" "3.2.19"
    csstype "^2.6.8"

"@vue/server-renderer@3.2.19":
  version "3.2.19"
  resolved "https://registry.yarnpkg.com/@vue/server-renderer/-/server-renderer-3.2.19.tgz#870bcec9f7cdaee0c2187a169b6e636ab4362fb1"
  integrity sha512-A9FNT7fgQJXItwdzWREntAgWKVtKYuXHBKGev/H4+ByTu8vB7gQXGcim01QxaJshdNg4dYuH2tEBZXCNCNx+/w==
  dependencies:
    "@vue/compiler-ssr" "3.2.19"
    "@vue/shared" "3.2.19"

"@vue/shared@3.2.19":
  version "3.2.19"
  resolved "https://registry.yarnpkg.com/@vue/shared/-/shared-3.2.19.tgz#111ec3da18337d86274446984c49925b1b2b2dd7"
  integrity sha512-Knqhx7WieLdVgwCAZgTVrDCXZ50uItuecLh9JdLC8O+a5ayaSyIQYveUK3hCRNC7ws5zalHmZwfdLMGaS8r4Ew==

"@webassemblyjs/ast@1.11.1":
  version "1.11.1"
  resolved "https://registry.yarnpkg.com/@webassemblyjs/ast/-/ast-1.11.1.tgz#2bfd767eae1a6996f432ff7e8d7fc75679c0b6a7"
  integrity sha512-ukBh14qFLjxTQNTXocdyksN5QdM28S1CxHt2rdskFyL+xFV7VremuBLVbmCePj+URalXBENx/9Lm7lnhihtCSw==
  dependencies:
    "@webassemblyjs/helper-numbers" "1.11.1"
    "@webassemblyjs/helper-wasm-bytecode" "1.11.1"

"@webassemblyjs/floating-point-hex-parser@1.11.1":
  version "1.11.1"
  resolved "https://registry.yarnpkg.com/@webassemblyjs/floating-point-hex-parser/-/floating-point-hex-parser-1.11.1.tgz#f6c61a705f0fd7a6aecaa4e8198f23d9dc179e4f"
  integrity sha512-iGRfyc5Bq+NnNuX8b5hwBrRjzf0ocrJPI6GWFodBFzmFnyvrQ83SHKhmilCU/8Jv67i4GJZBMhEzltxzcNagtQ==

"@webassemblyjs/helper-api-error@1.11.1":
  version "1.11.1"
  resolved "https://registry.yarnpkg.com/@webassemblyjs/helper-api-error/-/helper-api-error-1.11.1.tgz#1a63192d8788e5c012800ba6a7a46c705288fd16"
  integrity sha512-RlhS8CBCXfRUR/cwo2ho9bkheSXG0+NwooXcc3PAILALf2QLdFyj7KGsKRbVc95hZnhnERon4kW/D3SZpp6Tcg==

"@webassemblyjs/helper-buffer@1.11.1":
  version "1.11.1"
  resolved "https://registry.yarnpkg.com/@webassemblyjs/helper-buffer/-/helper-buffer-1.11.1.tgz#832a900eb444884cde9a7cad467f81500f5e5ab5"
  integrity sha512-gwikF65aDNeeXa8JxXa2BAk+REjSyhrNC9ZwdT0f8jc4dQQeDQ7G4m0f2QCLPJiMTTO6wfDmRmj/pW0PsUvIcA==

"@webassemblyjs/helper-numbers@1.11.1":
  version "1.11.1"
  resolved "https://registry.yarnpkg.com/@webassemblyjs/helper-numbers/-/helper-numbers-1.11.1.tgz#64d81da219fbbba1e3bd1bfc74f6e8c4e10a62ae"
  integrity sha512-vDkbxiB8zfnPdNK9Rajcey5C0w+QJugEglN0of+kmO8l7lDb77AnlKYQF7aarZuCrv+l0UvqL+68gSDr3k9LPQ==
  dependencies:
    "@webassemblyjs/floating-point-hex-parser" "1.11.1"
    "@webassemblyjs/helper-api-error" "1.11.1"
    "@xtuc/long" "4.2.2"

"@webassemblyjs/helper-wasm-bytecode@1.11.1":
  version "1.11.1"
  resolved "https://registry.yarnpkg.com/@webassemblyjs/helper-wasm-bytecode/-/helper-wasm-bytecode-1.11.1.tgz#f328241e41e7b199d0b20c18e88429c4433295e1"
  integrity sha512-PvpoOGiJwXeTrSf/qfudJhwlvDQxFgelbMqtq52WWiXC6Xgg1IREdngmPN3bs4RoO83PnL/nFrxucXj1+BX62Q==

"@webassemblyjs/helper-wasm-section@1.11.1":
  version "1.11.1"
  resolved "https://registry.yarnpkg.com/@webassemblyjs/helper-wasm-section/-/helper-wasm-section-1.11.1.tgz#21ee065a7b635f319e738f0dd73bfbda281c097a"
  integrity sha512-10P9No29rYX1j7F3EVPX3JvGPQPae+AomuSTPiF9eBQeChHI6iqjMIwR9JmOJXwpnn/oVGDk7I5IlskuMwU/pg==
  dependencies:
    "@webassemblyjs/ast" "1.11.1"
    "@webassemblyjs/helper-buffer" "1.11.1"
    "@webassemblyjs/helper-wasm-bytecode" "1.11.1"
    "@webassemblyjs/wasm-gen" "1.11.1"

"@webassemblyjs/ieee754@1.11.1":
  version "1.11.1"
  resolved "https://registry.yarnpkg.com/@webassemblyjs/ieee754/-/ieee754-1.11.1.tgz#963929e9bbd05709e7e12243a099180812992614"
  integrity sha512-hJ87QIPtAMKbFq6CGTkZYJivEwZDbQUgYd3qKSadTNOhVY7p+gfP6Sr0lLRVTaG1JjFj+r3YchoqRYxNH3M0GQ==
  dependencies:
    "@xtuc/ieee754" "^1.2.0"

"@webassemblyjs/leb128@1.11.1":
  version "1.11.1"
  resolved "https://registry.yarnpkg.com/@webassemblyjs/leb128/-/leb128-1.11.1.tgz#ce814b45574e93d76bae1fb2644ab9cdd9527aa5"
  integrity sha512-BJ2P0hNZ0u+Th1YZXJpzW6miwqQUGcIHT1G/sf72gLVD9DZ5AdYTqPNbHZh6K1M5VmKvFXwGSWZADz+qBWxeRw==
  dependencies:
    "@xtuc/long" "4.2.2"

"@webassemblyjs/utf8@1.11.1":
  version "1.11.1"
  resolved "https://registry.yarnpkg.com/@webassemblyjs/utf8/-/utf8-1.11.1.tgz#d1f8b764369e7c6e6bae350e854dec9a59f0a3ff"
  integrity sha512-9kqcxAEdMhiwQkHpkNiorZzqpGrodQQ2IGrHHxCy+Ozng0ofyMA0lTqiLkVs1uzTRejX+/O0EOT7KxqVPuXosQ==

"@webassemblyjs/wasm-edit@1.11.1":
  version "1.11.1"
  resolved "https://registry.yarnpkg.com/@webassemblyjs/wasm-edit/-/wasm-edit-1.11.1.tgz#ad206ebf4bf95a058ce9880a8c092c5dec8193d6"
  integrity sha512-g+RsupUC1aTHfR8CDgnsVRVZFJqdkFHpsHMfJuWQzWU3tvnLC07UqHICfP+4XyL2tnr1amvl1Sdp06TnYCmVkA==
  dependencies:
    "@webassemblyjs/ast" "1.11.1"
    "@webassemblyjs/helper-buffer" "1.11.1"
    "@webassemblyjs/helper-wasm-bytecode" "1.11.1"
    "@webassemblyjs/helper-wasm-section" "1.11.1"
    "@webassemblyjs/wasm-gen" "1.11.1"
    "@webassemblyjs/wasm-opt" "1.11.1"
    "@webassemblyjs/wasm-parser" "1.11.1"
    "@webassemblyjs/wast-printer" "1.11.1"

"@webassemblyjs/wasm-gen@1.11.1":
  version "1.11.1"
  resolved "https://registry.yarnpkg.com/@webassemblyjs/wasm-gen/-/wasm-gen-1.11.1.tgz#86c5ea304849759b7d88c47a32f4f039ae3c8f76"
  integrity sha512-F7QqKXwwNlMmsulj6+O7r4mmtAlCWfO/0HdgOxSklZfQcDu0TpLiD1mRt/zF25Bk59FIjEuGAIyn5ei4yMfLhA==
  dependencies:
    "@webassemblyjs/ast" "1.11.1"
    "@webassemblyjs/helper-wasm-bytecode" "1.11.1"
    "@webassemblyjs/ieee754" "1.11.1"
    "@webassemblyjs/leb128" "1.11.1"
    "@webassemblyjs/utf8" "1.11.1"

"@webassemblyjs/wasm-opt@1.11.1":
  version "1.11.1"
  resolved "https://registry.yarnpkg.com/@webassemblyjs/wasm-opt/-/wasm-opt-1.11.1.tgz#657b4c2202f4cf3b345f8a4c6461c8c2418985f2"
  integrity sha512-VqnkNqnZlU5EB64pp1l7hdm3hmQw7Vgqa0KF/KCNO9sIpI6Fk6brDEiX+iCOYrvMuBWDws0NkTOxYEb85XQHHw==
  dependencies:
    "@webassemblyjs/ast" "1.11.1"
    "@webassemblyjs/helper-buffer" "1.11.1"
    "@webassemblyjs/wasm-gen" "1.11.1"
    "@webassemblyjs/wasm-parser" "1.11.1"

"@webassemblyjs/wasm-parser@1.11.1":
  version "1.11.1"
  resolved "https://registry.yarnpkg.com/@webassemblyjs/wasm-parser/-/wasm-parser-1.11.1.tgz#86ca734534f417e9bd3c67c7a1c75d8be41fb199"
  integrity sha512-rrBujw+dJu32gYB7/Lup6UhdkPx9S9SnobZzRVL7VcBH9Bt9bCBLEuX/YXOOtBsOZ4NQrRykKhffRWHvigQvOA==
  dependencies:
    "@webassemblyjs/ast" "1.11.1"
    "@webassemblyjs/helper-api-error" "1.11.1"
    "@webassemblyjs/helper-wasm-bytecode" "1.11.1"
    "@webassemblyjs/ieee754" "1.11.1"
    "@webassemblyjs/leb128" "1.11.1"
    "@webassemblyjs/utf8" "1.11.1"

"@webassemblyjs/wast-printer@1.11.1":
  version "1.11.1"
  resolved "https://registry.yarnpkg.com/@webassemblyjs/wast-printer/-/wast-printer-1.11.1.tgz#d0c73beda8eec5426f10ae8ef55cee5e7084c2f0"
  integrity sha512-IQboUWM4eKzWW+N/jij2sRatKMh99QEelo3Eb2q0qXkvPRISAj8Qxtmw5itwqK+TTkBuUIE45AxYPToqPtL5gg==
  dependencies:
    "@webassemblyjs/ast" "1.11.1"
    "@xtuc/long" "4.2.2"

"@xtuc/ieee754@^1.2.0":
  version "1.2.0"
  resolved "https://registry.yarnpkg.com/@xtuc/ieee754/-/ieee754-1.2.0.tgz#eef014a3145ae477a1cbc00cd1e552336dceb790"
  integrity sha512-DX8nKgqcGwsc0eJSqYt5lwP4DH5FlHnmuWWBRy7X0NcaGR0ZtuyeESgMwTYVEtxmsNGY+qit4QYT/MIYTOTPeA==

"@xtuc/long@4.2.2":
  version "4.2.2"
  resolved "https://registry.yarnpkg.com/@xtuc/long/-/long-4.2.2.tgz#d291c6a4e97989b5c61d9acf396ae4fe133a718d"
  integrity sha512-NuHqBY1PB/D8xU6s/thBgOAiAP7HOYDQ32+BFZILJ8ivkUkAHQnWfn6WhL79Owj1qmUnoN/YPhktdIoucipkAQ==

acorn-import-assertions@^1.7.6:
  version "1.7.6"
  resolved "https://registry.yarnpkg.com/acorn-import-assertions/-/acorn-import-assertions-1.7.6.tgz#580e3ffcae6770eebeec76c3b9723201e9d01f78"
  integrity sha512-FlVvVFA1TX6l3lp8VjDnYYq7R1nyW6x3svAt4nDgrWQ9SBaSh9CnbwgSUTasgfNfOG5HlM1ehugCvM+hjo56LA==

acorn@^8.4.1:
  version "8.5.0"
  resolved "https://registry.yarnpkg.com/acorn/-/acorn-8.5.0.tgz#4512ccb99b3698c752591e9bb4472e38ad43cee2"
  integrity sha512-yXbYeFy+jUuYd3/CDcg2NkIYE991XYX/bje7LmjJigUciaeO1JR4XxXgCIV1/Zc/dRuFEyw1L0pbA+qynJkW5Q==

ajv-keywords@^3.5.2:
  version "3.5.2"
  resolved "https://registry.yarnpkg.com/ajv-keywords/-/ajv-keywords-3.5.2.tgz#31f29da5ab6e00d1c2d329acf7b5929614d5014d"
  integrity sha512-5p6WTN0DdTGVQk6VjcEju19IgaHudalcfabD7yhDGeA6bcQnmL+CpveLJq/3hvfwd1aof6L386Ougkx6RfyMIQ==

ajv@^6.12.5:
  version "6.12.6"
  resolved "https://registry.yarnpkg.com/ajv/-/ajv-6.12.6.tgz#baf5a62e802b07d977034586f8c3baf5adf26df4"
  integrity sha512-j3fVLgvTo527anyYyJOGTYJbG+vnnQYvE0m5mmkc1TK+nxAppkCLMIL0aZ4dblVCNoGShhm+kzE4ZUykBoMg4g==
  dependencies:
    fast-deep-equal "^3.1.1"
    fast-json-stable-stringify "^2.0.0"
    json-schema-traverse "^0.4.1"
    uri-js "^4.2.2"

ansi-styles@^4.1.0:
  version "4.3.0"
  resolved "https://registry.yarnpkg.com/ansi-styles/-/ansi-styles-4.3.0.tgz#edd803628ae71c04c85ae7a0906edad34b648937"
  integrity sha512-zbB9rCJAT1rbjiVDb2hqKFHNYLxgtk8NURxZ3IZwD3F6NtxbXZQCnnSi1Lkx+IDohdPlFp222wVALIheZJQSEg==
  dependencies:
    color-convert "^2.0.1"

braces@^3.0.1:
  version "3.0.2"
  resolved "https://registry.yarnpkg.com/braces/-/braces-3.0.2.tgz#3454e1a462ee8d599e236df336cd9ea4f8afe107"
  integrity sha512-b8um+L1RzM3WDSzvhm6gIz1yfTbBt6YTlcEKAvsmqCZZFw46z626lVj9j1yEPW33H5H+lBQpZMP1k8l+78Ha0A==
  dependencies:
    fill-range "^7.0.1"

browserslist@^4.14.5:
  version "4.17.2"
  resolved "https://registry.yarnpkg.com/browserslist/-/browserslist-4.17.2.tgz#aa15dbd2fab399a399fe4df601bb09363c5458a6"
  integrity sha512-jSDZyqJmkKMEMi7SZAgX5UltFdR5NAO43vY0AwTpu4X3sGH7GLLQ83KiUomgrnvZRCeW0yPPnKqnxPqQOER9zQ==
  dependencies:
    caniuse-lite "^1.0.30001261"
    electron-to-chromium "^1.3.854"
    escalade "^3.1.1"
    nanocolors "^0.2.12"
    node-releases "^1.1.76"

buffer-from@^1.0.0:
  version "1.1.2"
  resolved "https://registry.yarnpkg.com/buffer-from/-/buffer-from-1.1.2.tgz#2b146a6fd72e80b4f55d255f35ed59a3a9a41bd5"
  integrity sha512-E+XQCRwSbaaiChtv6k6Dwgc+bx+Bs6vuKJHHl5kox/BaKbhiXzqQOwK4cO22yElGp2OCmjwVhT3HmxgyPGnJfQ==

caniuse-lite@^1.0.30001261:
  version "1.0.30001263"
  resolved "https://registry.yarnpkg.com/caniuse-lite/-/caniuse-lite-1.0.30001263.tgz#7ce7a6fb482a137585cbc908aaf38e90c53a16a4"
  integrity sha512-doiV5dft6yzWO1WwU19kt8Qz8R0/8DgEziz6/9n2FxUasteZNwNNYSmJO3GLBH8lCVE73AB1RPDPAeYbcO5Cvw==

chalk@^4.1.0:
  version "4.1.2"
  resolved "https://registry.yarnpkg.com/chalk/-/chalk-4.1.2.tgz#aac4e2b7734a740867aeb16bf02aad556a1e7a01"
  integrity sha512-oKnbhFyRIXpUuez8iBMmyEa4nbj4IOQyuhc/wy9kY7/WVPcwIO9VA668Pu8RkO7+0G76SLROeyw9CpQ061i4mA==
  dependencies:
    ansi-styles "^4.1.0"
    supports-color "^7.1.0"

chrome-trace-event@^1.0.2:
  version "1.0.3"
  resolved "https://registry.yarnpkg.com/chrome-trace-event/-/chrome-trace-event-1.0.3.tgz#1015eced4741e15d06664a957dbbf50d041e26ac"
  integrity sha512-p3KULyQg4S7NIHixdwbGX+nFHkoBiA4YQmyWtjb8XngSKV124nJmRysgAeujbUVb15vh+RvFUfCPqU7rXk+hZg==

color-convert@^2.0.1:
  version "2.0.1"
  resolved "https://registry.yarnpkg.com/color-convert/-/color-convert-2.0.1.tgz#72d3a68d598c9bdb3af2ad1e84f21d896abd4de3"
  integrity sha512-RRECPsj7iu/xb5oKYcsFHSppFNnsj/52OVTRKb4zP5onXwVF3zVmmToNcOfGC+CRDpfK/U584fMg38ZHCaElKQ==
  dependencies:
    color-name "~1.1.4"

color-name@~1.1.4:
  version "1.1.4"
  resolved "https://registry.yarnpkg.com/color-name/-/color-name-1.1.4.tgz#c2a09a87acbde69543de6f63fa3995c826c536a2"
  integrity sha512-dOy+3AuW3a2wNbZHIuMZpTcgjGuLU/uBL/ubcZF9OXbDo8ff4O8yVp5Bf0efS8uEoYo5q4Fx7dY9OgQGXgAsQA==

commander@^2.20.0:
  version "2.20.3"
  resolved "https://registry.yarnpkg.com/commander/-/commander-2.20.3.tgz#fd485e84c03eb4881c20722ba48035e8531aeb33"
  integrity sha512-GpVkmM8vF2vQUkj2LvZmD35JxeJOLCwJ9cUkugyk2nuhbv3+mJvpLYYt+0+USMxE+oj+ey/lJEnhZw75x/OMcQ==

csstype@^2.6.8:
  version "2.6.18"
  resolved "https://registry.yarnpkg.com/csstype/-/csstype-2.6.18.tgz#980a8b53085f34af313410af064f2bd241784218"
  integrity sha512-RSU6Hyeg14am3Ah4VZEmeX8H7kLwEEirXe6aU2IPfKNvhXwTflK5HQRDNI0ypQXoqmm+QPyG2IaPuQE5zMwSIQ==

dynamicscreen-sdk-js@^0.0.13:
  version "0.0.13"
  resolved "https://registry.yarnpkg.com/dynamicscreen-sdk-js/-/dynamicscreen-sdk-js-0.0.13.tgz#d287c1e88cf7b1c700a448983e46c9248cfc5f24"
  integrity sha512-yc4kSWp4e5l2xy9n9s+p0hkub3DOgUUjsmWY9CrecJzqrd1S/KyOMRQsuDUOeNNmErzSMvS3xF6/053PG9qC6w==
  dependencies:
    strongly-typed-events "^2.1.10"
    typescript "^4.3.5"
    vue "^3.2.7"

electron-to-chromium@^1.3.854:
  version "1.3.856"
  resolved "https://registry.yarnpkg.com/electron-to-chromium/-/electron-to-chromium-1.3.856.tgz#75dee0eef9702bffabbf4c1293c989cd3cacb7ba"
  integrity sha512-lSezYIe1/p5qkEswAfaQUseOBiwGwuCvRl/MKzOEVe++DcmQ92+43dznDl4rFJ4Zpu+kevhwyIf7KjJevyDA/A==

enhanced-resolve@^5.0.0, enhanced-resolve@^5.8.3:
  version "5.8.3"
  resolved "https://registry.yarnpkg.com/enhanced-resolve/-/enhanced-resolve-5.8.3.tgz#6d552d465cce0423f5b3d718511ea53826a7b2f0"
  integrity sha512-EGAbGvH7j7Xt2nc0E7D99La1OiEs8LnyimkRgwExpUMScN6O+3x9tIWs7PLQZVNx4YD+00skHXPXi1yQHpAmZA==
  dependencies:
    graceful-fs "^4.2.4"
    tapable "^2.2.0"

es-module-lexer@^0.9.0:
  version "0.9.2"
  resolved "https://registry.yarnpkg.com/es-module-lexer/-/es-module-lexer-0.9.2.tgz#d0a8c72c5d904014111fac7fab4c92b9ac545564"
  integrity sha512-YkAGWqxZq2B4FxQ5y687UwywDwvLQhIMCZ+SDU7ZW729SDHOEI6wVFXwTRecz+yiwJzCsVwC6V7bxyNbZSB1rg==

escalade@^3.1.1:
  version "3.1.1"
  resolved "https://registry.yarnpkg.com/escalade/-/escalade-3.1.1.tgz#d8cfdc7000965c5a0174b4a82eaa5c0552742e40"
  integrity sha512-k0er2gUkLf8O0zKJiAhmkTnJlTvINGv7ygDNPbeIsX/TJjGJZHuh9B2UxbsaEkmlEo9MfhrSzmhIlhRlI2GXnw==

eslint-scope@5.1.1:
  version "5.1.1"
  resolved "https://registry.yarnpkg.com/eslint-scope/-/eslint-scope-5.1.1.tgz#e786e59a66cb92b3f6c1fb0d508aab174848f48c"
  integrity sha512-2NxwbF/hZ0KpepYN0cNbo+FN6XoK7GaHlQhgx/hIZl6Va0bF45RQOOwhLIy8lQDbuCiadSLCBnH2CFYquit5bw==
  dependencies:
    esrecurse "^4.3.0"
    estraverse "^4.1.1"

esrecurse@^4.3.0:
  version "4.3.0"
  resolved "https://registry.yarnpkg.com/esrecurse/-/esrecurse-4.3.0.tgz#7ad7964d679abb28bee72cec63758b1c5d2c9921"
  integrity sha512-KmfKL3b6G+RXvP8N1vr3Tq1kL/oCFgn2NYXEtqP8/L3pKapUA4G8cFVaoF3SU323CD4XypR/ffioHmkti6/Tag==
  dependencies:
    estraverse "^5.2.0"

estraverse@^4.1.1:
  version "4.3.0"
  resolved "https://registry.yarnpkg.com/estraverse/-/estraverse-4.3.0.tgz#398ad3f3c5a24948be7725e83d11a7de28cdbd1d"
  integrity sha512-39nnKffWz8xN1BU/2c79n9nB9HDzo0niYUqx6xyqUnyoAnQyyWpOTdZEeiCch8BBu515t4wp9ZmgVfVhn9EBpw==

estraverse@^5.2.0:
  version "5.2.0"
  resolved "https://registry.yarnpkg.com/estraverse/-/estraverse-5.2.0.tgz#307df42547e6cc7324d3cf03c155d5cdb8c53880"
  integrity sha512-BxbNGGNm0RyRYvUdHpIwv9IWzeM9XClbOxwoATuFdOE7ZE6wHL+HQ5T8hoPM+zHvmKzzsEqhgy0GrQ5X13afiQ==

estree-walker@^2.0.2:
  version "2.0.2"
  resolved "https://registry.yarnpkg.com/estree-walker/-/estree-walker-2.0.2.tgz#52f010178c2a4c117a7757cfe942adb7d2da4cac"
  integrity sha512-Rfkk/Mp/DL7JVje3u18FxFujQlTNR2q6QfMSMB7AvCBx91NGj/ba3kCfza0f6dVDbw7YlRf/nDrn7pQrCCyQ/w==

events@^3.2.0:
  version "3.3.0"
  resolved "https://registry.yarnpkg.com/events/-/events-3.3.0.tgz#31a95ad0a924e2d2c419a813aeb2c4e878ea7400"
  integrity sha512-mQw+2fkQbALzQ7V0MY0IqdnXNOeTtP4r0lN9z7AAawCXgqea7bDii20AYrIBrFd/Hx0M2Ocz6S111CaFkUcb0Q==

fast-deep-equal@^3.1.1:
  version "3.1.3"
  resolved "https://registry.yarnpkg.com/fast-deep-equal/-/fast-deep-equal-3.1.3.tgz#3a7d56b559d6cbc3eb512325244e619a65c6c525"
  integrity sha512-f3qQ9oQy9j2AhBe/H9VC91wLmKBCCU/gDOnKNAYG5hswO7BLKj09Hc5HYNz9cGI++xlpDCIgDaitVs03ATR84Q==

fast-json-stable-stringify@^2.0.0:
  version "2.1.0"
  resolved "https://registry.yarnpkg.com/fast-json-stable-stringify/-/fast-json-stable-stringify-2.1.0.tgz#874bf69c6f404c2b5d99c481341399fd55892633"
  integrity sha512-lhd/wF+Lk98HZoTCtlVraHtfh5XYijIjalXck7saUtuanSDyLMxnHhSXEDJqHxD7msR8D0uCmqlkwjCV8xvwHw==

fill-range@^7.0.1:
  version "7.0.1"
  resolved "https://registry.yarnpkg.com/fill-range/-/fill-range-7.0.1.tgz#1919a6a7c75fe38b2c7c77e5198535da9acdda40"
  integrity sha512-qOo9F+dMUmC2Lcb4BbVvnKJxTPjCm+RRpe4gDuGrzkL7mEVl/djYSu2OdQ2Pa302N4oqkSg9ir6jaLWJ2USVpQ==
  dependencies:
    to-regex-range "^5.0.1"

glob-to-regexp@^0.4.1:
  version "0.4.1"
  resolved "https://registry.yarnpkg.com/glob-to-regexp/-/glob-to-regexp-0.4.1.tgz#c75297087c851b9a578bd217dd59a92f59fe546e"
  integrity sha512-lkX1HJXwyMcprw/5YUZc2s7DrpAiHB21/V+E1rHUrVNokkvB6bqMzT0VfV6/86ZNabt1k14YOIaT7nDvOX3Iiw==

graceful-fs@^4.1.2, graceful-fs@^4.2.4:
  version "4.2.8"
  resolved "https://registry.yarnpkg.com/graceful-fs/-/graceful-fs-4.2.8.tgz#e412b8d33f5e006593cbd3cee6df9f2cebbe802a"
  integrity sha512-qkIilPUYcNhJpd33n0GBXTB1MMPp14TxEsEs0pTrsSVucApsYzW5V+Q8Qxhik6KU3evy+qkAAowTByymK0avdg==

has-flag@^4.0.0:
  version "4.0.0"
  resolved "https://registry.yarnpkg.com/has-flag/-/has-flag-4.0.0.tgz#944771fd9c81c81265c4d6941860da06bb59479b"
  integrity sha512-EykJT/Q1KjTWctppgIAgfSO0tKVuZUjhgMr17kqTumMl6Afv3EISleU7qZUzoXDFTAHTDC4NOoG/ZxU3EvlMPQ==

i18next@^20.4.0:
  version "20.6.1"
  resolved "https://registry.yarnpkg.com/i18next/-/i18next-20.6.1.tgz#535e5f6e5baeb685c7d25df70db63bf3cc0aa345"
  integrity sha512-yCMYTMEJ9ihCwEQQ3phLo7I/Pwycf8uAx+sRHwwk5U9Aui/IZYgQRyMqXafQOw5QQ7DM1Z+WyEXWIqSuJHhG2A==
  dependencies:
    "@babel/runtime" "^7.12.0"

is-number@^7.0.0:
  version "7.0.0"
  resolved "https://registry.yarnpkg.com/is-number/-/is-number-7.0.0.tgz#7535345b896734d5f80c4d06c50955527a14f12b"
  integrity sha512-41Cifkg6e8TylSpdtTpeLVMqvSBEVzTttHvERD741+pnZ8ANv0004MRL43QKPDlK9cGvNp6NZWZUBlbGXYxxng==

jest-worker@^27.0.6:
  version "27.2.4"
  resolved "https://registry.yarnpkg.com/jest-worker/-/jest-worker-27.2.4.tgz#881455df75e22e7726a53f43703ab74d6b36f82d"
  integrity sha512-Zq9A2Pw59KkVjBBKD1i3iE2e22oSjXhUKKuAK1HGX8flGwkm6NMozyEYzKd41hXc64dbd/0eWFeEEuxqXyhM+g==
  dependencies:
    "@types/node" "*"
    merge-stream "^2.0.0"
    supports-color "^8.0.0"

json-parse-better-errors@^1.0.2:
  version "1.0.2"
  resolved "https://registry.yarnpkg.com/json-parse-better-errors/-/json-parse-better-errors-1.0.2.tgz#bb867cfb3450e69107c131d1c514bab3dc8bcaa9"
  integrity sha512-mrqyZKfX5EhL7hvqcV6WG1yYjnjeuYDzDhhcAAUrq8Po85NBQBJP+ZDUT75qZQ98IkUoBqdkExkukOU7Ts2wrw==

json-schema-traverse@^0.4.1:
  version "0.4.1"
  resolved "https://registry.yarnpkg.com/json-schema-traverse/-/json-schema-traverse-0.4.1.tgz#69f6a87d9513ab8bb8fe63bdb0979c448e684660"
  integrity sha512-xbbCH5dCYU5T8LcEhhuh7HJ88HXuW3qsI3Y0zOZFKfZEHcpWiHU/Jxzk629Brsab/mMiHQti9wMP+845RPe3Vg==

loader-runner@^4.2.0:
  version "4.2.0"
  resolved "https://registry.yarnpkg.com/loader-runner/-/loader-runner-4.2.0.tgz#d7022380d66d14c5fb1d496b89864ebcfd478384"
  integrity sha512-92+huvxMvYlMzMt0iIOukcwYBFpkYJdpl2xsZ7LrlayO7E8SOv+JJUEK17B/dJIHAOLMfh2dZZ/Y18WgmGtYNw==

lru-cache@^6.0.0:
  version "6.0.0"
  resolved "https://registry.yarnpkg.com/lru-cache/-/lru-cache-6.0.0.tgz#6d6fe6570ebd96aaf90fcad1dafa3b2566db3a94"
  integrity sha512-Jo6dJ04CmSjuznwJSS3pUeWmd/H0ffTlkXXgwZi+eq1UCmqQwCh+eLsYOYCwY991i2Fah4h1BEMCx4qThGbsiA==
  dependencies:
    yallist "^4.0.0"

magic-string@^0.25.7:
  version "0.25.7"
  resolved "https://registry.yarnpkg.com/magic-string/-/magic-string-0.25.7.tgz#3f497d6fd34c669c6798dcb821f2ef31f5445051"
  integrity sha512-4CrMT5DOHTDk4HYDlzmwu4FVCcIYI8gauveasrdCu2IKIFOJ3f0v/8MDGJCDL9oD2ppz/Av1b0Nj345H9M+XIA==
  dependencies:
    sourcemap-codec "^1.4.4"

merge-stream@^2.0.0:
  version "2.0.0"
  resolved "https://registry.yarnpkg.com/merge-stream/-/merge-stream-2.0.0.tgz#52823629a14dd00c9770fb6ad47dc6310f2c1f60"
  integrity sha512-abv/qOcuPfk3URPfDzmZU1LKmuw8kT+0nIHvKrKgFrwifol/doWcdA4ZqsWQ8ENrFKkd67Mfpo/LovbIUsbt3w==

micromatch@^4.0.0:
  version "4.0.4"
  resolved "https://registry.yarnpkg.com/micromatch/-/micromatch-4.0.4.tgz#896d519dfe9db25fce94ceb7a500919bf881ebf9"
  integrity sha512-pRmzw/XUcwXGpD9aI9q/0XOwLNygjETJ8y0ao0wdqprrzDa4YnxLcz7fQRZr8voh8V10kGhABbNcHVk5wHgWwg==
  dependencies:
    braces "^3.0.1"
    picomatch "^2.2.3"

mime-db@1.49.0:
  version "1.49.0"
  resolved "https://registry.yarnpkg.com/mime-db/-/mime-db-1.49.0.tgz#f3dfde60c99e9cf3bc9701d687778f537001cbed"
  integrity sha512-CIc8j9URtOVApSFCQIF+VBkX1RwXp/oMMOrqdyXSBXq5RWNEsRfyj1kiRnQgmNXmHxPoFIxOroKA3zcU9P+nAA==

mime-types@^2.1.27:
  version "2.1.32"
  resolved "https://registry.yarnpkg.com/mime-types/-/mime-types-2.1.32.tgz#1d00e89e7de7fe02008db61001d9e02852670fd5"
  integrity sha512-hJGaVS4G4c9TSMYh2n6SQAGrC4RnfU+daP8G7cSCmaqNjiOoUY0VHCMS42pxnQmVF1GWwFhbHWn3RIxCqTmZ9A==
  dependencies:
    mime-db "1.49.0"

nanocolors@^0.2.12, nanocolors@^0.2.2:
  version "0.2.12"
  resolved "https://registry.yarnpkg.com/nanocolors/-/nanocolors-0.2.12.tgz#4d05932e70116078673ea4cc6699a1c56cc77777"
  integrity sha512-SFNdALvzW+rVlzqexid6epYdt8H9Zol7xDoQarioEFcFN0JHo4CYNztAxmtfgGTVRCmFlEOqqhBpoFGKqSAMug==

nanoid@^3.1.25:
  version "3.1.28"
  resolved "https://registry.yarnpkg.com/nanoid/-/nanoid-3.1.28.tgz#3c01bac14cb6c5680569014cc65a2f26424c6bd4"
  integrity sha512-gSu9VZ2HtmoKYe/lmyPFES5nknFrHa+/DT9muUFWFMi6Jh9E1I7bkvlQ8xxf1Kos9pi9o8lBnIOkatMhKX/YUw==

neo-async@^2.6.2:
  version "2.6.2"
  resolved "https://registry.yarnpkg.com/neo-async/-/neo-async-2.6.2.tgz#b4aafb93e3aeb2d8174ca53cf163ab7d7308305f"
  integrity sha512-Yd3UES5mWCSqR+qNT93S3UoYUkqAZ9lLg8a7g9rimsWmYGK8cVToA4/sF3RrshdyV3sAGMXVUmpMYOw+dLpOuw==

node-releases@^1.1.76:
  version "1.1.76"
  resolved "https://registry.yarnpkg.com/node-releases/-/node-releases-1.1.76.tgz#df245b062b0cafbd5282ab6792f7dccc2d97f36e"
  integrity sha512-9/IECtNr8dXNmPWmFXepT0/7o5eolGesHUa3mtr0KlgnCvnZxwh2qensKL42JJY2vQKC3nIBXetFAqR+PW1CmA==

p-limit@^3.1.0:
  version "3.1.0"
  resolved "https://registry.yarnpkg.com/p-limit/-/p-limit-3.1.0.tgz#e1daccbe78d0d1388ca18c64fea38e3e57e3706b"
  integrity sha512-TYOanM3wGwNGsZN2cVTYPArw454xnXj5qmWF1bEoAc4+cU/ol7GVh7odevjp1FNHduHc3KZMcFduxU5Xc6uJRQ==
  dependencies:
    yocto-queue "^0.1.0"

picomatch@^2.2.3:
  version "2.3.0"
  resolved "https://registry.yarnpkg.com/picomatch/-/picomatch-2.3.0.tgz#f1f061de8f6a4bf022892e2d128234fb98302972"
  integrity sha512-lY1Q/PiJGC2zOv/z391WOTD+Z02bCgsFfvxoXXf6h7kv9o+WmsmzYqrAwY63sNgOxE4xEdq0WyUnXfKeBrSvYw==

postcss@^8.1.10:
  version "8.3.8"
  resolved "https://registry.yarnpkg.com/postcss/-/postcss-8.3.8.tgz#9ebe2a127396b4b4570ae9f7770e7fb83db2bac1"
  integrity sha512-GT5bTjjZnwDifajzczOC+r3FI3Cu+PgPvrsjhQdRqa2kTJ4968/X9CUce9xttIB0xOs5c6xf0TCWZo/y9lF6bA==
  dependencies:
    nanocolors "^0.2.2"
    nanoid "^3.1.25"
    source-map-js "^0.6.2"

punycode@^2.1.0:
  version "2.1.1"
  resolved "https://registry.yarnpkg.com/punycode/-/punycode-2.1.1.tgz#b58b010ac40c22c5657616c8d2c2c02c7bf479ec"
  integrity sha512-XRsRjdf+j5ml+y/6GKHPZbrF/8p2Yga0JPtdqTIY2Xe5ohJPD9saDJJLPvp9+NSBprVvevdXZybnj2cv8OEd0A==

randombytes@^2.1.0:
  version "2.1.0"
  resolved "https://registry.yarnpkg.com/randombytes/-/randombytes-2.1.0.tgz#df6f84372f0270dc65cdf6291349ab7a473d4f2a"
  integrity sha512-vYl3iOX+4CKUWuxGi9Ukhie6fsqXqS9FE2Zaic4tNFD2N2QQaXOMFbuKK4QmDHC0JO6B1Zp41J0LpT0oR68amQ==
  dependencies:
    safe-buffer "^5.1.0"

regenerator-runtime@^0.13.4:
  version "0.13.9"
  resolved "https://registry.yarnpkg.com/regenerator-runtime/-/regenerator-runtime-0.13.9.tgz#8925742a98ffd90814988d7566ad30ca3b263b52"
  integrity sha512-p3VT+cOEgxFsRRA9X4lkI1E+k2/CtnKtU4gcxyaCUreilL/vqI6CdZ3wxVUx3UOUg+gnUOQQcRI7BmSI656MYA==

safe-buffer@^5.1.0:
  version "5.2.1"
  resolved "https://registry.yarnpkg.com/safe-buffer/-/safe-buffer-5.2.1.tgz#1eaf9fa9bdb1fdd4ec75f58f9cdb4e6b7827eec6"
  integrity sha512-rp3So07KcdmmKbGvgaNxQSJr7bGVSVk5S9Eq1F+ppbRo70+YeaDxkw5Dd8NPN+GD6bjnYm2VuPuCXmpuYvmCXQ==

schema-utils@^3.1.0, schema-utils@^3.1.1:
  version "3.1.1"
  resolved "https://registry.yarnpkg.com/schema-utils/-/schema-utils-3.1.1.tgz#bc74c4b6b6995c1d88f76a8b77bea7219e0c8281"
  integrity sha512-Y5PQxS4ITlC+EahLuXaY86TXfR7Dc5lw294alXOq86JAHCihAIZfqv8nNCWvaEJvaC51uN9hbLGeV0cFBdH+Fw==
  dependencies:
    "@types/json-schema" "^7.0.8"
    ajv "^6.12.5"
    ajv-keywords "^3.5.2"

semver@^7.3.4:
  version "7.3.5"
  resolved "https://registry.yarnpkg.com/semver/-/semver-7.3.5.tgz#0b621c879348d8998e4b0e4be94b3f12e6018ef7"
  integrity sha512-PoeGJYh8HK4BTO/a9Tf6ZG3veo/A7ZVsYrSA6J8ny9nb3B1VrpkuN+z9OE5wfE5p6H4LchYZsegiQgbJD94ZFQ==
  dependencies:
    lru-cache "^6.0.0"

serialize-javascript@^6.0.0:
  version "6.0.0"
  resolved "https://registry.yarnpkg.com/serialize-javascript/-/serialize-javascript-6.0.0.tgz#efae5d88f45d7924141da8b5c3a7a7e663fefeb8"
  integrity sha512-Qr3TosvguFt8ePWqsvRfrKyQXIiW+nGbYpy8XK24NQHE83caxWt+mIymTT19DGFbNWNLfEwsrkSmN64lVWB9ag==
  dependencies:
    randombytes "^2.1.0"

source-map-js@^0.6.2:
  version "0.6.2"
  resolved "https://registry.yarnpkg.com/source-map-js/-/source-map-js-0.6.2.tgz#0bb5de631b41cfbda6cfba8bd05a80efdfd2385e"
  integrity sha512-/3GptzWzu0+0MBQFrDKzw/DvvMTUORvgY6k6jd/VS6iCR4RDTKWH6v6WPwQoUO8667uQEf9Oe38DxAYWY5F/Ug==

source-map-support@~0.5.20:
  version "0.5.20"
  resolved "https://registry.yarnpkg.com/source-map-support/-/source-map-support-0.5.20.tgz#12166089f8f5e5e8c56926b377633392dd2cb6c9"
  integrity sha512-n1lZZ8Ve4ksRqizaBQgxXDgKwttHDhyfQjA6YZZn8+AroHbsIz+JjwxQDxbp+7y5OYCI8t1Yk7etjD9CRd2hIw==
  dependencies:
    buffer-from "^1.0.0"
    source-map "^0.6.0"

source-map@^0.6.0, source-map@^0.6.1:
  version "0.6.1"
  resolved "https://registry.yarnpkg.com/source-map/-/source-map-0.6.1.tgz#74722af32e9614e9c287a8d0bbde48b5e2f1a263"
  integrity sha512-UjgapumWlbMhkBgzT7Ykc5YXUT46F0iKu8SGXq0bcwP5dz/h0Plj6enJqjz1Zbq2l5WaqYnrVbwWOWMyF3F47g==

source-map@~0.7.2:
  version "0.7.3"
  resolved "https://registry.yarnpkg.com/source-map/-/source-map-0.7.3.tgz#5302f8169031735226544092e64981f751750383"
  integrity sha512-CkCj6giN3S+n9qrYiBTX5gystlENnRW5jZeNLHpe6aue+SrHcG5VYwujhW9s4dY31mEGsxBDrHR6oI69fTXsaQ==

sourcemap-codec@^1.4.4:
  version "1.4.8"
  resolved "https://registry.yarnpkg.com/sourcemap-codec/-/sourcemap-codec-1.4.8.tgz#ea804bd94857402e6992d05a38ef1ae35a9ab4c4"
  integrity sha512-9NykojV5Uih4lgo5So5dtw+f0JgJX30KCNI8gwhz2J9A15wD0Ml6tjHKwf6fTSa6fAdVBdZeNOs9eJ71qCk8vA==

ste-core@^2.1.13:
  version "2.1.13"
  resolved "https://registry.yarnpkg.com/ste-core/-/ste-core-2.1.13.tgz#1b44a111856c2eafe644371aa0c237b1c561ca95"
  integrity sha512-9ewXL7PYVcQs3/ym4NECwcWHxtqKwDI/kTjELw73+nkM8H8rJwpwkdsLa2sFF01aomXGhYaYZu3fAWd0HpAi6Q==

ste-events@^2.1.13:
  version "2.1.13"
  resolved "https://registry.yarnpkg.com/ste-events/-/ste-events-2.1.13.tgz#ff7b56013e5fb4107b29e7119bf31dd3d4a5e9c8"
  integrity sha512-k+UYjLjKerDtTHcGfheSiKn5FzaYEW3/IvgifuCEVyLsCmG5do2vwS3/B//lQ0m77qivnbHIssM9eUAvTmov0g==
  dependencies:
    ste-core "^2.1.13"

ste-promise-events@^2.1.13:
  version "2.1.13"
  resolved "https://registry.yarnpkg.com/ste-promise-events/-/ste-promise-events-2.1.13.tgz#fe118d6b5a59672459d4eef18c21baa0a0a4d827"
  integrity sha512-24523kI9XkY6bKKqcoGKqz07x26+nkMrFz66mtSRoacW1zUOGFe8dI9kyPdcEYrc5O8aAgjJ97LDX3mDULg+Tg==
  dependencies:
    ste-core "^2.1.13"

ste-promise-signals@^2.1.13:
  version "2.1.13"
  resolved "https://registry.yarnpkg.com/ste-promise-signals/-/ste-promise-signals-2.1.13.tgz#b76ad2e04e508c3827095ac6a79b0c190cd592ee"
  integrity sha512-pvUapziWQE30FzbLMSX8ryhxHCkWukd8POn6n59NuyFDQwskfAnPgd1vQQdxyBVWnY0MdHpzhq7DS9gp6tdqGw==
  dependencies:
    ste-core "^2.1.13"

ste-promise-simple-events@^2.1.13:
  version "2.1.13"
  resolved "https://registry.yarnpkg.com/ste-promise-simple-events/-/ste-promise-simple-events-2.1.13.tgz#71b128c66912a1dc0176502570f3b817a41c937e"
  integrity sha512-c11cm7vBaaVlfx0xw8gzEZuB7wPNQL7edaeF2zG8q2oFEgRHuTjavvHOSPZ/G98C2OxNpSAUBqHAkI9TcsaD4w==
  dependencies:
    ste-core "^2.1.13"

ste-signals@^2.1.13:
  version "2.1.13"
  resolved "https://registry.yarnpkg.com/ste-signals/-/ste-signals-2.1.13.tgz#76fbc1f39e3cf8bf6200ea360182dd75c7ec16af"
  integrity sha512-Eag/HpxIJdX/bG7pLLsFxC/RSTQSZnWbYMJ4/FHWQvFOkGLRfNtQYftx8j9QHJF/pSUFeho/CPYRpTWJZWXIpA==
  dependencies:
    ste-core "^2.1.13"

ste-simple-events@^2.1.13:
  version "2.1.13"
  resolved "https://registry.yarnpkg.com/ste-simple-events/-/ste-simple-events-2.1.13.tgz#4e7a905f74c8ca83119bed5b4b166990e4e05162"
  integrity sha512-EAqdKEbsJ1ART6iQrpgZxZscwj6KOz5f4vu6fiPoC0ep1wLUkprpHG+gg9yTKiO4JArIGfcSabZsbQoBefMp2A==
  dependencies:
    ste-core "^2.1.13"

strongly-typed-events@^2.1.10:
  version "2.1.13"
  resolved "https://registry.yarnpkg.com/strongly-typed-events/-/strongly-typed-events-2.1.13.tgz#0661ff69399743cd6cd03e48d8c4969163e52799"
  integrity sha512-EIo2yquBCbFW3/MfRKfNZC7vUnwyzrTa5Ce1v1Zw/QHfiAiE4I3aV6DLRpuVEuyF08m1Ie5LvskgDTNAdU/r0g==
  dependencies:
    ste-core "^2.1.13"
    ste-events "^2.1.13"
    ste-promise-events "^2.1.13"
    ste-promise-signals "^2.1.13"
    ste-promise-simple-events "^2.1.13"
    ste-signals "^2.1.13"
    ste-simple-events "^2.1.13"

supports-color@^7.1.0:
  version "7.2.0"
  resolved "https://registry.yarnpkg.com/supports-color/-/supports-color-7.2.0.tgz#1b7dcdcb32b8138801b3e478ba6a51caa89648da"
  integrity sha512-qpCAvRl9stuOHveKsn7HncJRvv501qIacKzQlO/+Lwxc9+0q2wLyv4Dfvt80/DPn2pqOBsJdDiogXGR9+OvwRw==
  dependencies:
    has-flag "^4.0.0"

supports-color@^8.0.0:
  version "8.1.1"
  resolved "https://registry.yarnpkg.com/supports-color/-/supports-color-8.1.1.tgz#cd6fc17e28500cff56c1b86c0a7fd4a54a73005c"
  integrity sha512-MpUEN2OodtUzxvKQl72cUF7RQ5EiHsGvSsVG0ia9c5RbWGL2CI4C7EpPS8UTBIplnlzZiNuV56w+FuNxy3ty2Q==
  dependencies:
    has-flag "^4.0.0"

tapable@^2.1.1, tapable@^2.2.0:
  version "2.2.1"
  resolved "https://registry.yarnpkg.com/tapable/-/tapable-2.2.1.tgz#1967a73ef4060a82f12ab96af86d52fdb76eeca0"
  integrity sha512-GNzQvQTOIP6RyTfE2Qxb8ZVlNmw0n88vp1szwWRimP02mnTsx3Wtn5qRdqY9w2XduFNUgvOwhNnQsjwCp+kqaQ==

terser-webpack-plugin@^5.1.3:
  version "5.2.4"
  resolved "https://registry.yarnpkg.com/terser-webpack-plugin/-/terser-webpack-plugin-5.2.4.tgz#ad1be7639b1cbe3ea49fab995cbe7224b31747a1"
  integrity sha512-E2CkNMN+1cho04YpdANyRrn8CyN4yMy+WdFKZIySFZrGXZxJwJP6PMNGGc/Mcr6qygQHUUqRxnAPmi0M9f00XA==
  dependencies:
    jest-worker "^27.0.6"
    p-limit "^3.1.0"
    schema-utils "^3.1.1"
    serialize-javascript "^6.0.0"
    source-map "^0.6.1"
    terser "^5.7.2"

terser@^5.7.2:
  version "5.9.0"
  resolved "https://registry.yarnpkg.com/terser/-/terser-5.9.0.tgz#47d6e629a522963240f2b55fcaa3c99083d2c351"
  integrity sha512-h5hxa23sCdpzcye/7b8YqbE5OwKca/ni0RQz1uRX3tGh8haaGHqcuSqbGRybuAKNdntZ0mDgFNXPJ48xQ2RXKQ==
  dependencies:
    commander "^2.20.0"
    source-map "~0.7.2"
    source-map-support "~0.5.20"

to-regex-range@^5.0.1:
  version "5.0.1"
  resolved "https://registry.yarnpkg.com/to-regex-range/-/to-regex-range-5.0.1.tgz#1648c44aae7c8d988a326018ed72f5b4dd0392e4"
  integrity sha512-65P7iz6X5yEr1cwcgvQxbbIw7Uk3gOy5dIdtZ4rDveLqhrdJP+Li/Hx6tyK0NEb+2GCyneCMJiGqrADCSNk8sQ==
  dependencies:
    is-number "^7.0.0"

ts-loader@^9.2.5:
  version "9.2.6"
  resolved "https://registry.yarnpkg.com/ts-loader/-/ts-loader-9.2.6.tgz#9937c4dd0a1e3dbbb5e433f8102a6601c6615d74"
  integrity sha512-QMTC4UFzHmu9wU2VHZEmWWE9cUajjfcdcws+Gh7FhiO+Dy0RnR1bNz0YCHqhI0yRowCE9arVnNxYHqELOy9Hjw==
  dependencies:
    chalk "^4.1.0"
    enhanced-resolve "^5.0.0"
    micromatch "^4.0.0"
    semver "^7.3.4"

typescript@^4.3.5, typescript@^4.4.3:
  version "4.4.3"
  resolved "https://registry.yarnpkg.com/typescript/-/typescript-4.4.3.tgz#bdc5407caa2b109efd4f82fe130656f977a29324"
  integrity sha512-4xfscpisVgqqDfPaJo5vkd+Qd/ItkoagnHpufr+i2QCHBsNYp+G7UAoyFl8aPtx879u38wPV65rZ8qbGZijalA==

uri-js@^4.2.2:
  version "4.4.1"
  resolved "https://registry.yarnpkg.com/uri-js/-/uri-js-4.4.1.tgz#9b1a52595225859e55f669d928f88c6c57f2a77e"
  integrity sha512-7rKUyy33Q1yc98pQ1DAmLtwX109F7TIfWlW1Ydo8Wl1ii1SeHieeh0HHfPeL2fMXK6z0s8ecKs9frCuLJvndBg==
  dependencies:
    punycode "^2.1.0"

vue@^3.2.7:
  version "3.2.19"
  resolved "https://registry.yarnpkg.com/vue/-/vue-3.2.19.tgz#da2c80a6a0271c7097fee9e31692adfd9d569c8f"
  integrity sha512-6KAMdIfAtlK+qohTIUE4urwAv4A3YRuo8uAbByApUmiB0CziGAAPs6qVugN6oHPia8YIafHB/37K0O6KZ7sGmA==
  dependencies:
    "@vue/compiler-dom" "3.2.19"
    "@vue/compiler-sfc" "3.2.19"
    "@vue/runtime-dom" "3.2.19"
    "@vue/server-renderer" "3.2.19"
    "@vue/shared" "3.2.19"

watchpack@^2.2.0:
  version "2.2.0"
  resolved "https://registry.yarnpkg.com/watchpack/-/watchpack-2.2.0.tgz#47d78f5415fe550ecd740f99fe2882323a58b1ce"
  integrity sha512-up4YAn/XHgZHIxFBVCdlMiWDj6WaLKpwVeGQk2I5thdYxF/KmF0aaz6TfJZ/hfl1h/XlcDr7k1KH7ThDagpFaA==
  dependencies:
    glob-to-regexp "^0.4.1"
    graceful-fs "^4.1.2"

webpack-sources@^3.2.0:
  version "3.2.1"
  resolved "https://registry.yarnpkg.com/webpack-sources/-/webpack-sources-3.2.1.tgz#251a7d9720d75ada1469ca07dbb62f3641a05b6d"
  integrity sha512-t6BMVLQ0AkjBOoRTZgqrWm7xbXMBzD+XDq2EZ96+vMfn3qKgsvdXZhbPZ4ElUOpdv4u+iiGe+w3+J75iy/bYGA==

webpack@^5.50.0:
  version "5.55.1"
  resolved "https://registry.yarnpkg.com/webpack/-/webpack-5.55.1.tgz#426ebe54c15fa57f7b242590f65fd182382b5998"
  integrity sha512-EYp9lwaOOAs+AA/KviNZ7bQiITHm4bXQvyTPewD2+f5YGjv6sfiClm40yeX5FgBMxh5bxcB6LryiFoP09B97Ug==
  dependencies:
    "@types/eslint-scope" "^3.7.0"
    "@types/estree" "^0.0.50"
    "@webassemblyjs/ast" "1.11.1"
    "@webassemblyjs/wasm-edit" "1.11.1"
    "@webassemblyjs/wasm-parser" "1.11.1"
    acorn "^8.4.1"
    acorn-import-assertions "^1.7.6"
    browserslist "^4.14.5"
    chrome-trace-event "^1.0.2"
    enhanced-resolve "^5.8.3"
    es-module-lexer "^0.9.0"
    eslint-scope "5.1.1"
    events "^3.2.0"
    glob-to-regexp "^0.4.1"
    graceful-fs "^4.2.4"
    json-parse-better-errors "^1.0.2"
    loader-runner "^4.2.0"
    mime-types "^2.1.27"
    neo-async "^2.6.2"
    schema-utils "^3.1.0"
    tapable "^2.1.1"
    terser-webpack-plugin "^5.1.3"
    watchpack "^2.2.0"
    webpack-sources "^3.2.0"

yallist@^4.0.0:
  version "4.0.0"
  resolved "https://registry.yarnpkg.com/yallist/-/yallist-4.0.0.tgz#9bb92790d9c0effec63be73519e11a35019a3a72"
  integrity sha512-3wdGidZyq5PB084XLES5TpOSRA3wjXAlIWMhum2kRcv/41Sn2emQ0dycQW4uZXLejwKvg6EsvbdlVL+FYEct7A==

yocto-queue@^0.1.0:
  version "0.1.0"
  resolved "https://registry.yarnpkg.com/yocto-queue/-/yocto-queue-0.1.0.tgz#0294eb3dee05028d31ee1a5fa2c556a6aaf10a1b"
  integrity sha512-rVksvsnNCdJ/ohGc6xgPwyN8eheCxsiLM8mxuE/t/mOVqJewPuO1miLpTHQiRgTKCLexL4MeAFVagts7HmNZ2Q==
